
Microsoft Visual Studio Solution File, Format Version 12.00
# Visual Studio Version 16
VisualStudioVersion = 16.0.32106.194
MinimumVisualStudioVersion = 10.0.40219.1
Project("{FAE04EC0-301F-11D3-BF4B-00C04F79EFBC}") = "Online E-Library", "Online E-Library\Online E-Library.csproj", "{C7194E41-5EA1-41CB-B5CD-21713F4B571E}"
EndProject
Global
	GlobalSection(SolutionConfigurationPlatforms) = preSolution
		Debug|Any CPU = Debug|Any CPU
		Release|Any CPU = Release|Any CPU
	EndGlobalSection
	GlobalSection(ProjectConfigurationPlatforms) = postSolution
		{C7194E41-5EA1-41CB-B5CD-21713F4B571E}.Debug|Any CPU.ActiveCfg = Debug|Any CPU
		{C7194E41-5EA1-41CB-B5CD-21713F4B571E}.Debug|Any CPU.Build.0 = Debug|Any CPU
		{C7194E41-5EA1-41CB-B5CD-21713F4B571E}.Release|Any CPU.ActiveCfg = Release|Any CPU
		{C7194E41-5EA1-41CB-B5CD-21713F4B571E}.Release|Any CPU.Build.0 = Release|Any CPU
	EndGlobalSection
	GlobalSection(SolutionProperties) = preSolution
		HideSolutionNode = FALSE
	EndGlobalSection
	GlobalSection(ExtensibilityGlobals) = postSolution
		SolutionGuid = {69455CF0-DCDF-4545-B72D-D72F8119D289}
	EndGlobalSection
EndGlobal
